Microsoft Visual Studio Solution File, Format Version 12.00
# Visual Studio Version 17
VisualStudioVersion = 17.5.2.0
MinimumVisualStudioVersion = 10.0.40219.1
Project("{FAE04EC0-301F-11D3-BF4B-00C04F79EFBC}") = "Hospital-Test-Performance", "Hospital-Test-Performance.csproj", "{A6667276-9AD6-758B-B7BF-C5AEC57B0254}"
EndProject
Global
	GlobalSection(SolutionConfigurationPlatforms) = preSolution
		Debug|Any CPU = Debug|Any CPU
		Release|Any CPU = Release|Any CPU
	EndGlobalSection
	GlobalSection(ProjectConfigurationPlatforms) = postSolution
		{A6667276-9AD6-758B-B7BF-C5AEC57B0254}.Debug|Any CPU.ActiveCfg = Debug|Any CPU
		{A6667276-9AD6-758B-B7BF-C5AEC57B0254}.Debug|Any CPU.Build.0 = Debug|Any CPU
		{A6667276-9AD6-758B-B7BF-C5AEC57B0254}.Release|Any CPU.ActiveCfg = Release|Any CPU
		{A6667276-9AD6-758B-B7BF-C5AEC57B0254}.Release|Any CPU.Build.0 = Release|Any CPU
	EndGlobalSection
	GlobalSection(SolutionProperties) = preSolution
		HideSolutionNode = FALSE
	EndGlobalSection
	GlobalSection(ExtensibilityGlobals) = postSolution
		SolutionGuid = {5B1E1CE2-4478-422E-9C27-18E7A770AD70}
	EndGlobalSection
EndGlobal
